<Solution>
  <Folder Name="/src/">
    <Project Path="src/PSWSMan.Lib/PSWSMan.Lib.csproj" />
    <Project Path="src/PSWSMan.Loader/PSWSMan.Loader.csproj" />
    <Project Path="src/PSWSMan/PSWSMan.csproj" />
  </Folder>
  <Folder Name="/tests/" />
  <Folder Name="/tests/units/">
    <Project Path="tests/units/PSWSMan.Lib.Tests/PSWSMan.Lib.Tests.csproj" />
  </Folder>
</Solution>
